// !$*UTF8*$!
{
	archiveVersion = 1;
	classes = {
	};
	objectVersion = 38;
	objects = {
		080E96DDFE201D6D7F000001 = {
			children = (
				CB5B1BEE04A9C2E900EBD329,
				CB5B1BEF04A9C2E900EBD329,
			);
			isa = PBXGroup;
			name = Protocols;
			refType = 4;
		};
//080
//081
//082
//083
//084
//100
//101
//102
//103
//104
		1058C7A0FEA54F0111CA2CBB = {
			children = (
				FE82528EC5B321F400CFA73B,
				1058C7A1FEA54F0111CA2CBB,
			);
			isa = PBXGroup;
			name = "Linked Frameworks";
			refType = 4;
		};
		1058C7A1FEA54F0111CA2CBB = {
			isa = PBXFrameworkReference;
			name = Cocoa.framework;
			path = /System/Library/Frameworks/Cocoa.framework;
			refType = 0;
		};
		1058C7A2FEA54F0111CA2CBB = {
			children = (
				CBD51E0004EB84FA00EBD329,
				CBD51DED04EB839F00EBD329,
				29B97325FDCFA39411CA2CEA,
				29B97324FDCFA39411CA2CEA,
			);
			isa = PBXGroup;
			name = "Other Frameworks";
			refType = 4;
		};
		1058C7A3FEA54F0111CA2CBB = {
			fileRef = 1058C7A1FEA54F0111CA2CBB;
			isa = PBXBuildFile;
			settings = {
			};
		};
//100
//101
//102
//103
//104
//170
//171
//172
//173
//174
		17587328FF379C6511CA2CBB = {
			isa = PBXApplicationReference;
			path = AquaTerm.app;
			refType = 3;
		};
//170
//171
//172
//173
//174
//190
//191
//192
//193
//194
		19C28FACFE9D520D11CA2CBB = {
			children = (
				17587328FF379C6511CA2CBB,
				CBF30BC204D54A2E00EBD329,
				CBD51E8E04EBA83A00EBD329,
			);
			isa = PBXGroup;
			name = Products;
			refType = 4;
		};
//190
//191
//192
//193
//194
//290
//291
//292
//293
//294
		29B97313FDCFA39411CA2CEA = {
			buildStyles = (
				4A9504CCFFE6A4B311CA0CBA,
				4A9504CDFFE6A4B311CA0CBA,
				CBD51E7104EBA80A00EBD329,
			);
			hasScannedForEncodings = 1;
			isa = PBXProject;
			mainGroup = 29B97314FDCFA39411CA2CEA;
			projectDirPath = "";
			targets = (
				29B97326FDCFA39411CA2CEA,
				F5DB1B640219BFD2014110D6,
				CBF30BC104D54A2E00EBD329,
				CBD51E8D04EBA83A00EBD329,
			);
		};
		29B97314FDCFA39411CA2CEA = {
			children = (
				F5AB08990175CCF101EB16F3,
				F5AB089A0175CCF101EB16F3,
				F5AB089B0175CCF101EB16F3,
				CBF30BD804D5527700EBD329,
				080E96DDFE201D6D7F000001,
				29B97317FDCFA39411CA2CEA,
				29B97315FDCFA39411CA2CEA,
				F57C16A102506DE3010D3DE4,
				29B97323FDCFA39411CA2CEA,
				19C28FACFE9D520D11CA2CBB,
				CBD8F3F004D90CE100EBD329,
				CBC8D54B04F2258500EBD329,
				F55D7FF10219BEF4014110D6,
			);
			isa = PBXGroup;
			name = AquaTerm;
			path = "";
			refType = 4;
		};
		29B97315FDCFA39411CA2CEA = {
			children = (
				29B97316FDCFA39411CA2CEA,
			);
			isa = PBXGroup;
			name = "Other Sources";
			path = "";
			refType = 4;
		};
		29B97316FDCFA39411CA2CEA = {
			fileEncoding = 30;
			isa = PBXFileReference;
			path = main.m;
			refType = 4;
		};
		29B97317FDCFA39411CA2CEA = {
			children = (
				F5FEAC2701A7219B0143D50D,
				F54B0FE401FF3656014110A7,
				29B97318FDCFA39411CA2CEA,
				F51551CC01FE762E01000102,
				F54B0FE601FF5CDC014110A7,
				F5E70370026D8645012F88DF,
				F55BA2E303589FD301D20925,
				CB05377C04DEA3A300EBD329,
			);
			isa = PBXGroup;
			name = Resources;
			path = "";
			refType = 4;
		};
		29B97318FDCFA39411CA2CEA = {
			children = (
				29B97319FDCFA39411CA2CEA,
			);
			isa = PBXVariantGroup;
			name = MainMenu1.nib;
			path = "";
			refType = 4;
		};
		29B97319FDCFA39411CA2CEA = {
			isa = PBXFileReference;
			name = MainMenu1.nib;
			path = English.lproj/MainMenu1.nib;
			refType = 4;
		};
		29B97323FDCFA39411CA2CEA = {
			children = (
				1058C7A0FEA54F0111CA2CBB,
				1058C7A2FEA54F0111CA2CBB,
			);
			isa = PBXGroup;
			name = Frameworks;
			path = "";
			refType = 4;
		};
		29B97324FDCFA39411CA2CEA = {
			isa = PBXFrameworkReference;
			name = AppKit.framework;
			path = /System/Library/Frameworks/AppKit.framework;
			refType = 0;
		};
		29B97325FDCFA39411CA2CEA = {
			isa = PBXFrameworkReference;
			name = Foundation.framework;
			path = /System/Library/Frameworks/Foundation.framework;
			refType = 0;
		};
		29B97326FDCFA39411CA2CEA = {
			buildPhases = (
				29B97327FDCFA39411CA2CEA,
				29B97328FDCFA39411CA2CEA,
				29B9732BFDCFA39411CA2CEA,
				29B9732DFDCFA39411CA2CEA,
			);
			buildSettings = {
				FRAMEWORK_SEARCH_PATHS = "";
				HEADER_SEARCH_PATHS = "";
				INSTALL_PATH = /Applications;
				LIBRARY_SEARCH_PATHS = "";
				OPTIMIZATION_CFLAGS = "-O0";
				OTHER_CFLAGS = "-DAQT_APP";
				OTHER_LDFLAGS = "";
				PRODUCT_NAME = AquaTerm;
				SECTORDER_FLAGS = "";
				WARNING_CFLAGS = "-Wmost -Wno-four-char-constants -Wno-unknown-pragmas";
				WRAPPER_EXTENSION = app;
			};
			dependencies = (
				CBE5EB120549E11200D208BA,
			);
			isa = PBXApplicationTarget;
			name = AquaTerm;
			productInstallPath = /Applications;
			productName = AquaTerm;
			productReference = 17587328FF379C6511CA2CBB;
			productSettingsXML = "<?xml version=\"1.0\" encoding=\"UTF-8\"?>
<!DOCTYPE plist PUBLIC \"-//Apple Computer//DTD PLIST 1.0//EN\" \"http://www.apple.com/DTDs/PropertyList-1.0.dtd\">
<plist version=\"1.0\">
<dict>
	<key>CFBundleDevelopmentRegion</key>
	<string>English</string>
	<key>CFBundleExecutable</key>
	<string>AquaTerm</string>
	<key>CFBundleGetInfoString</key>
	<string>AquaTerm v0.3.2</string>
	<key>CFBundleIconFile</key>
	<string>AquaTerm.icns</string>
	<key>CFBundleInfoDictionaryVersion</key>
	<string>6.0</string>
	<key>CFBundleName</key>
	<string>AquaTerm</string>
	<key>CFBundlePackageType</key>
	<string>APPL</string>
	<key>CFBundleShortVersionString</key>
	<string>AquaTerm v0.3.2</string>
	<key>CFBundleSignature</key>
	<string>AqTS</string>
	<key>CFBundleVersion</key>
	<string>0.3.2</string>
	<key>NSHumanReadableCopyright</key>
	<string>©2001-2003, The AquaTerm Project  
http://aquaterm.sourceforge.net</string>
	<key>NSMainNibFile</key>
	<string>MainMenu1</string>
	<key>NSPrincipalClass</key>
	<string>NSApplication</string>
</dict>
</plist>
";
		};
		29B97327FDCFA39411CA2CEA = {
			buildActionMask = 2147483647;
			files = (
				F55D242401C11B5201A80104,
				F55D242501C11B5201A80104,
				F55D242601C11B5201A80104,
				F5653B8201C4B8F201A80104,
				F59F5FCB021011D301A18598,
				F5E3AFAB026D80D2012F88DF,
				CB5B187304A9A49E00EBD329,
				CB5B1BF004A9C2E900EBD329,
				CB5B1BF104A9C2E900EBD329,
				CBF3083704D51BCF00EBD329,
				CBF3084104D5209800EBD329,
				CB7288970502798C00D208BA,
				CB7288990502798E00D208BA,
				CBA3D83F053D784200D208BA,
				CB71321305444AEC00D208BA,
				CB83AAE6054D2D8600D208BA,
			);
			isa = PBXHeadersBuildPhase;
			runOnlyForDeploymentPostprocessing = 0;
		};
		29B97328FDCFA39411CA2CEA = {
			buildActionMask = 2147483647;
			files = (
				F5C4C2DC0199DF380143D54F,
				F5FEAC2901A7219B0143D50D,
				F51551CD01FE762E01000102,
				F54B0FE501FF3656014110A7,
				F5B46F320209827F01A80104,
				F5E70372026D8645012F88DF,
				F55BA2E503589FD301D20925,
				CB05377D04DEA3A300EBD329,
			);
			isa = PBXResourcesBuildPhase;
			runOnlyForDeploymentPostprocessing = 0;
		};
		29B9732BFDCFA39411CA2CEA = {
			buildActionMask = 2147483647;
			files = (
				29B9732CFDCFA39411CA2CEA,
				F55D242901C11B5201A80104,
				F55D242A01C11B5201A80104,
				F55D242B01C11B5201A80104,
				F5653B8301C4B8F201A80104,
				F59F5FCC021011D301A18598,
				F5E3AFAC026D80D2012F88DF,
				CB5B187404A9A49E00EBD329,
				CBF3083804D51BCF00EBD329,
				CBF3084204D5209800EBD329,
				CB7288980502798D00D208BA,
				CB72889A0502798E00D208BA,
				CBA3D843053D84DE00D208BA,
				CB71321405444AEC00D208BA,
				CB83AAE7054D2D8700D208BA,
				FE8252ADC5B321F400CFA73B,
			);
			isa = PBXSourcesBuildPhase;
			runOnlyForDeploymentPostprocessing = 0;
		};
		29B9732CFDCFA39411CA2CEA = {
			fileRef = 29B97316FDCFA39411CA2CEA;
			isa = PBXBuildFile;
			settings = {
				ATTRIBUTES = (
				);
			};
		};
		29B9732DFDCFA39411CA2CEA = {
			buildActionMask = 2147483647;
			files = (
				1058C7A3FEA54F0111CA2CBB,
				FE82528FC5B321F400CFA73B,
			);
			isa = PBXFrameworksBuildPhase;
			runOnlyForDeploymentPostprocessing = 0;
		};
//290
//291
//292
//293
//294
//4A0
//4A1
//4A2
//4A3
//4A4
		4A9504CCFFE6A4B311CA0CBA = {
			buildRules = (
			);
			buildSettings = {
				COPY_PHASE_STRIP = NO;
				OPTIMIZATION_CFLAGS = "-O0";
			};
			isa = PBXBuildStyle;
			name = Development;
		};
		4A9504CDFFE6A4B311CA0CBA = {
			buildRules = (
			);
			buildSettings = {
				COPY_PHASE_STRIP = YES;
			};
			isa = PBXBuildStyle;
			name = Deployment;
		};
//4A0
//4A1
//4A2
//4A3
//4A4
//CB0
//CB1
//CB2
//CB3
//CB4
		CB01FB25054054C500D208BA = {
			fileRef = CBA3D83E053D784200D208BA;
			isa = PBXBuildFile;
			settings = {
			};
		};
		CB01FB26054054C600D208BA = {
			fileRef = CBA3D842053D84DE00D208BA;
			isa = PBXBuildFile;
			settings = {
			};
		};
		CB05377C04DEA3A300EBD329 = {
			isa = PBXFileReference;
			name = Cross.tiff;
			path = English.lproj/Cross.tiff;
			refType = 2;
		};
		CB05377D04DEA3A300EBD329 = {
			fileRef = CB05377C04DEA3A300EBD329;
			isa = PBXBuildFile;
			settings = {
			};
		};
		CB5B187104A9A49E00EBD329 = {
			fileEncoding = 4;
			isa = PBXFileReference;
			path = AQTController.h;
			refType = 4;
		};
		CB5B187204A9A49E00EBD329 = {
			fileEncoding = 4;
			isa = PBXFileReference;
			path = AQTController.m;
			refType = 4;
		};
		CB5B187304A9A49E00EBD329 = {
			fileRef = CB5B187104A9A49E00EBD329;
			isa = PBXBuildFile;
			settings = {
			};
		};
		CB5B187404A9A49E00EBD329 = {
			fileRef = CB5B187204A9A49E00EBD329;
			isa = PBXBuildFile;
			settings = {
			};
		};
		CB5B1BE504A9C0F900EBD329 = {
			fileEncoding = 30;
			isa = PBXFileReference;
			path = AQTClientHandler.h;
			refType = 4;
		};
		CB5B1BE604A9C0F900EBD329 = {
			fileEncoding = 30;
			isa = PBXFileReference;
			path = AQTClientHandler.m;
			refType = 4;
		};
		CB5B1BEE04A9C2E900EBD329 = {
			fileEncoding = 30;
			isa = PBXFileReference;
			path = AQTClientProtocol.h;
			refType = 4;
		};
		CB5B1BEF04A9C2E900EBD329 = {
			fileEncoding = 30;
			isa = PBXFileReference;
			path = AQTConnectionProtocol.h;
			refType = 4;
		};
		CB5B1BF004A9C2E900EBD329 = {
			fileRef = CB5B1BEE04A9C2E900EBD329;
			isa = PBXBuildFile;
			settings = {
			};
		};
		CB5B1BF104A9C2E900EBD329 = {
			fileRef = CB5B1BEF04A9C2E900EBD329;
			isa = PBXBuildFile;
			settings = {
			};
		};
		CB6564640529BE1200D208BA = {
			fileEncoding = 30;
			isa = PBXFileReference;
			name = aqtplplot.m;
			path = ../adapters/plplot/aqtplplot.m;
			refType = 2;
		};
		CB71321105444AEC00D208BA = {
			fileEncoding = 4;
			isa = PBXFileReference;
			path = AQTGraphicDrawingMethods.h;
			refType = 4;
		};
		CB71321205444AEC00D208BA = {
			fileEncoding = 4;
			isa = PBXFileReference;
			path = AQTGraphicDrawingMethods.m;
			refType = 4;
		};
		CB71321305444AEC00D208BA = {
			fileRef = CB71321105444AEC00D208BA;
			isa = PBXBuildFile;
			settings = {
			};
		};
		CB71321405444AEC00D208BA = {
			fileRef = CB71321205444AEC00D208BA;
			isa = PBXBuildFile;
			settings = {
			};
		};
		CB7288970502798C00D208BA = {
			fileRef = CBF3082D04D51B9300EBD329;
			isa = PBXBuildFile;
			settings = {
			};
		};
		CB7288980502798D00D208BA = {
			fileRef = CBF3082E04D51B9400EBD329;
			isa = PBXBuildFile;
			settings = {
			};
		};
		CB7288990502798E00D208BA = {
			fileRef = FEDD21D204EE7C22008D3E17;
			isa = PBXBuildFile;
			settings = {
			};
		};
		CB72889A0502798E00D208BA = {
			fileRef = FEDD21D304EE7C22008D3E17;
			isa = PBXBuildFile;
			settings = {
			};
		};
		CB83AAE6054D2D8600D208BA = {
			fileRef = F50F0B540205D23401AA2E68;
			isa = PBXBuildFile;
			settings = {
			};
		};
		CB83AAE7054D2D8700D208BA = {
			fileRef = F50F0B550205D23401AA2E68;
			isa = PBXBuildFile;
			settings = {
			};
		};
		CB83AAE8054D309D00D208BA = {
			fileRef = F50F0B540205D23401AA2E68;
			isa = PBXBuildFile;
			settings = {
			};
		};
		CB83AAE9054D309D00D208BA = {
			fileRef = F50F0B550205D23401AA2E68;
			isa = PBXBuildFile;
			settings = {
			};
		};
		CBA3D83E053D784200D208BA = {
			fileEncoding = 4;
			isa = PBXFileReference;
			path = AQTAdapterPrivateMethods.h;
			refType = 4;
		};
		CBA3D83F053D784200D208BA = {
			fileRef = CBA3D83E053D784200D208BA;
			isa = PBXBuildFile;
			settings = {
			};
		};
		CBA3D842053D84DE00D208BA = {
			fileEncoding = 4;
			isa = PBXFileReference;
			path = AQTAdapterPrivateMethods.m;
			refType = 4;
		};
		CBA3D843053D84DE00D208BA = {
			fileRef = CBA3D842053D84DE00D208BA;
			isa = PBXBuildFile;
			settings = {
			};
		};
		CBAFDE0F04DE8F5F00EBD329 = {
			fileEncoding = 30;
			isa = PBXFileReference;
			name = aquaTerm.trm;
			path = ../adapters/gnuplot/aquaTerm.trm;
			refType = 2;
		};
		CBC8D54B04F2258500EBD329 = {
			children = (
				CBC8D54C04F225E200EBD329,
			);
			isa = PBXGroup;
			name = MiscDocs;
			refType = 4;
		};
		CBC8D54C04F225E200EBD329 = {
			fileEncoding = 30;
			isa = PBXFileReference;
			name = README;
			path = "/Volumes/Earth/Users/per/source/AQT/gnuplot-3.8i.0/term/README";
			refType = 0;
		};
		CBD51DED04EB839F00EBD329 = {
			isa = PBXFrameworkReference;
			name = CoreFoundation.framework;
			path = /System/Library/Frameworks/CoreFoundation.framework;
			refType = 0;
		};
		CBD51E0004EB84FA00EBD329 = {
			isa = PBXFrameworkReference;
			name = ApplicationServices.framework;
			path = /System/Library/Frameworks/ApplicationServices.framework;
			refType = 0;
		};
		CBD51E0104EB84FA00EBD329 = {
			fileRef = CBD51E0004EB84FA00EBD329;
			isa = PBXBuildFile;
			settings = {
			};
		};
		CBD51E7104EBA80A00EBD329 = {
			buildRules = (
			);
			buildSettings = {
			};
			isa = PBXBuildStyle;
			name = BuildStyle;
		};
		CBD51E8804EBA83A00EBD329 = {
			buildActionMask = 2147483647;
			files = (
			);
			isa = PBXHeadersBuildPhase;
			runOnlyForDeploymentPostprocessing = 0;
		};
		CBD51E8904EBA83A00EBD329 = {
			buildActionMask = 2147483647;
			files = (
			);
			isa = PBXResourcesBuildPhase;
			runOnlyForDeploymentPostprocessing = 0;
		};
		CBD51E8A04EBA83A00EBD329 = {
			buildActionMask = 2147483647;
			files = (
			);
			isa = PBXSourcesBuildPhase;
			runOnlyForDeploymentPostprocessing = 0;
		};
		CBD51E8B04EBA83A00EBD329 = {
			buildActionMask = 2147483647;
			files = (
			);
			isa = PBXFrameworksBuildPhase;
			runOnlyForDeploymentPostprocessing = 0;
		};
		CBD51E8C04EBA83A00EBD329 = {
			buildActionMask = 2147483647;
			files = (
			);
			isa = PBXRezBuildPhase;
			runOnlyForDeploymentPostprocessing = 0;
		};
		CBD51E8D04EBA83A00EBD329 = {
			buildPhases = (
				CBD51E8804EBA83A00EBD329,
				CBD51E8904EBA83A00EBD329,
				CBD51E8A04EBA83A00EBD329,
				CBD51E8B04EBA83A00EBD329,
				CBD51E8C04EBA83A00EBD329,
			);
			buildSettings = {
				DYLIB_COMPATIBILITY_VERSION = 1;
				DYLIB_CURRENT_VERSION = 1;
				FRAMEWORK_VERSION = A;
				OTHER_CFLAGS = "";
				OTHER_LDFLAGS = "";
				OTHER_LIBTOOL_FLAGS = "";
				OTHER_REZFLAGS = "";
				PRINCIPAL_CLASS = "";
				PRODUCT_NAME = fwk;
				SECTORDER_FLAGS = "";
				WARNING_CFLAGS = "-Wmost -Wno-four-char-constants -Wno-unknown-pragmas";
				WRAPPER_EXTENSION = framework;
			};
			dependencies = (
			);
			isa = PBXFrameworkTarget;
			name = fwk;
			productInstallPath = "$(LOCAL_LIBRARY_DIR)/Frameworks";
			productName = fwk;
			productReference = CBD51E8E04EBA83A00EBD329;
			productSettingsXML = "<?xml version=\"1.0\" encoding=\"UTF-8\"?>
<!DOCTYPE plist PUBLIC \"-//Apple Computer//DTD PLIST 1.0//EN\" \"http://www.apple.com/DTDs/PropertyList-1.0.dtd\">
<plist version=\"1.0\">
<dict>
	<key>CFBundleDevelopmentRegion</key>
	<string>English</string>
	<key>CFBundleExecutable</key>
	<string></string>
	<key>CFBundleGetInfoString</key>
	<string></string>
	<key>CFBundleIconFile</key>
	<string></string>
	<key>CFBundleIdentifier</key>
	<string></string>
	<key>CFBundleInfoDictionaryVersion</key>
	<string>6.0</string>
	<key>CFBundleName</key>
	<string></string>
	<key>CFBundlePackageType</key>
	<string>FMWK</string>
	<key>CFBundleShortVersionString</key>
	<string></string>
	<key>CFBundleSignature</key>
	<string>????</string>
	<key>CFBundleVersion</key>
	<string>0.0.1d1</string>
</dict>
</plist>
";
		};
		CBD51E8E04EBA83A00EBD329 = {
			isa = PBXFrameworkReference;
			path = fwk.framework;
			refType = 3;
		};
		CBD51E8F04EBAAEE00EBD329 = {
			fileRef = 29B97325FDCFA39411CA2CEA;
			isa = PBXBuildFile;
			settings = {
			};
		};
		CBD8F3EF04D90CDC00EBD329 = {
			fileEncoding = 30;
			isa = PBXFileReference;
			name = aqdriv.m;
			path = ../adapters/pgplot/aqdriv.m;
			refType = 2;
		};
		CBD8F3F004D90CE100EBD329 = {
			children = (
				CBD8F3EF04D90CDC00EBD329,
				CBAFDE0F04DE8F5F00EBD329,
				CB6564640529BE1200D208BA,
			);
			isa = PBXGroup;
			name = Adapters;
			refType = 4;
		};
		CBE5EB120549E11200D208BA = {
			isa = PBXTargetDependency;
			target = CBF30BC104D54A2E00EBD329;
		};
		CBF3082D04D51B9300EBD329 = {
			fileEncoding = 30;
			isa = PBXFileReference;
			path = AQTAdapter.h;
			refType = 4;
		};
		CBF3082E04D51B9400EBD329 = {
			fileEncoding = 30;
			isa = PBXFileReference;
			path = AQTAdapter.m;
			refType = 4;
		};
		CBF3083404D51BCF00EBD329 = {
			fileEncoding = 30;
			isa = PBXFileReference;
			path = AQTPatch.h;
			refType = 4;
		};
		CBF3083504D51BCF00EBD329 = {
			fileEncoding = 30;
			isa = PBXFileReference;
			path = AQTPatch.m;
			refType = 4;
		};
		CBF3083704D51BCF00EBD329 = {
			fileRef = CBF3083404D51BCF00EBD329;
			isa = PBXBuildFile;
			settings = {
			};
		};
		CBF3083804D51BCF00EBD329 = {
			fileRef = CBF3083504D51BCF00EBD329;
			isa = PBXBuildFile;
			settings = {
			};
		};
		CBF3083904D51CF100EBD329 = {
			fileEncoding = 4;
			isa = PBXFileReference;
			path = AQTPlot.h;
			refType = 4;
		};
		CBF3083A04D51CF100EBD329 = {
			fileEncoding = 4;
			isa = PBXFileReference;
			path = AQTPlot.m;
			refType = 4;
		};
		CBF3084104D5209800EBD329 = {
			fileRef = CBF3083904D51CF100EBD329;
			isa = PBXBuildFile;
			settings = {
			};
		};
		CBF3084204D5209800EBD329 = {
			fileRef = CBF3083A04D51CF100EBD329;
			isa = PBXBuildFile;
			settings = {
			};
		};
		CBF30BBD04D54A2E00EBD329 = {
			buildActionMask = 2147483647;
			files = (
				CBF30BC404D54A3800EBD329,
				CBF30BC504D54A3A00EBD329,
				CBF30BC704D54A3B00EBD329,
				CBF30BC904D54A3C00EBD329,
				CBF30BCB04D54A3E00EBD329,
				CBF30BCD04D54A4000EBD329,
				CBF30BCF04D54A4200EBD329,
				FEDD21D404EE7C22008D3E17,
				CB01FB25054054C500D208BA,
				CB83AAE8054D309D00D208BA,
			);
			isa = PBXHeadersBuildPhase;
			runOnlyForDeploymentPostprocessing = 0;
		};
		CBF30BBE04D54A2E00EBD329 = {
			buildActionMask = 2147483647;
			files = (
				CBF30BC304D54A3800EBD329,
				CBF30BC604D54A3A00EBD329,
				CBF30BC804D54A3C00EBD329,
				CBF30BCA04D54A3D00EBD329,
				CBF30BCC04D54A3F00EBD329,
				CBF30BCE04D54A4100EBD329,
				CBF30BD004D54A4300EBD329,
				FEDD21D504EE7C22008D3E17,
				CB01FB26054054C600D208BA,
				CB83AAE9054D309D00D208BA,
			);
			isa = PBXSourcesBuildPhase;
			runOnlyForDeploymentPostprocessing = 0;
		};
		CBF30BBF04D54A2E00EBD329 = {
			buildActionMask = 2147483647;
			files = (
				CBD51E0104EB84FA00EBD329,
				CBD51E8F04EBAAEE00EBD329,
			);
			isa = PBXFrameworksBuildPhase;
			runOnlyForDeploymentPostprocessing = 0;
		};
		CBF30BC004D54A2E00EBD329 = {
			buildActionMask = 2147483647;
			files = (
			);
			isa = PBXRezBuildPhase;
			runOnlyForDeploymentPostprocessing = 0;
		};
		CBF30BC104D54A2E00EBD329 = {
			buildPhases = (
				CBF30BBD04D54A2E00EBD329,
				CBF30BBE04D54A2E00EBD329,
				CBF30BBF04D54A2E00EBD329,
				CBF30BC004D54A2E00EBD329,
				CBF30BD304D54B5900EBD329,
			);
			buildSettings = {
				DYLIB_COMPATIBILITY_VERSION = 1;
				DYLIB_CURRENT_VERSION = 1;
				FRAMEWORK_SEARCH_PATHS = "";
				LIBRARY_STYLE = DYNAMIC;
				OTHER_CFLAGS = "";
				OTHER_LDFLAGS = "-dynamic";
				OTHER_LIBTOOL_FLAGS = "-dynamic";
				OTHER_REZFLAGS = "";
				PRODUCT_NAME = libaqt.dylib;
				REZ_EXECUTABLE = YES;
				SECTORDER_FLAGS = "";
				WARNING_CFLAGS = "-Wmost -Wno-four-char-constants -Wno-unknown-pragmas";
			};
			dependencies = (
			);
			isa = PBXLibraryTarget;
			name = libaqt;
			productName = libaqt;
			productReference = CBF30BC204D54A2E00EBD329;
		};
		CBF30BC204D54A2E00EBD329 = {
			isa = PBXLibraryReference;
			path = libaqt.dylib;
			refType = 3;
		};
		CBF30BC304D54A3800EBD329 = {
			fileRef = CBF3082E04D51B9400EBD329;
			isa = PBXBuildFile;
			settings = {
			};
		};
		CBF30BC404D54A3800EBD329 = {
			fileRef = CBF3082D04D51B9300EBD329;
			isa = PBXBuildFile;
			settings = {
			};
		};
		CBF30BC504D54A3A00EBD329 = {
			fileRef = F55D241701C0F0F501A80104;
			isa = PBXBuildFile;
			settings = {
			};
		};
		CBF30BC604D54A3A00EBD329 = {
			fileRef = F55D241801C0F0F501A80104;
			isa = PBXBuildFile;
			settings = {
			};
		};
		CBF30BC704D54A3B00EBD329 = {
			fileRef = F55D241901C0F0F501A80104;
			isa = PBXBuildFile;
			settings = {
			};
		};
		CBF30BC804D54A3C00EBD329 = {
			fileRef = F55D241A01C0F0F501A80104;
			isa = PBXBuildFile;
			settings = {
			};
		};
		CBF30BC904D54A3C00EBD329 = {
			fileRef = F55D241B01C0F0F501A80104;
			isa = PBXBuildFile;
			settings = {
			};
		};
		CBF30BCA04D54A3D00EBD329 = {
			fileRef = F55D241C01C0F0F501A80104;
			isa = PBXBuildFile;
			settings = {
			};
		};
		CBF30BCB04D54A3E00EBD329 = {
			fileRef = F5653B8001C4B8F201A80104;
			isa = PBXBuildFile;
			settings = {
			};
		};
		CBF30BCC04D54A3F00EBD329 = {
			fileRef = F5653B8101C4B8F201A80104;
			isa = PBXBuildFile;
			settings = {
			};
		};
		CBF30BCD04D54A4000EBD329 = {
			fileRef = CBF3083404D51BCF00EBD329;
			isa = PBXBuildFile;
			settings = {
			};
		};
		CBF30BCE04D54A4100EBD329 = {
			fileRef = CBF3083504D51BCF00EBD329;
			isa = PBXBuildFile;
			settings = {
			};
		};
		CBF30BCF04D54A4200EBD329 = {
			fileRef = F59F5FC9021011D301A18598;
			isa = PBXBuildFile;
			settings = {
			};
		};
		CBF30BD004D54A4300EBD329 = {
			fileRef = F59F5FCA021011D301A18598;
			isa = PBXBuildFile;
			settings = {
			};
		};
		CBF30BD304D54B5900EBD329 = {
			buildActionMask = 2147483647;
			files = (
			);
			generatedFileNames = (
			);
			isa = PBXShellScriptBuildPhase;
			neededFileNames = (
			);
			runOnlyForDeploymentPostprocessing = 0;
			shellPath = /bin/sh;
			shellScript = "cp $SRCROOT/AQTAdapter.h $HOME/include/.; cp $SRCROOT/AQTGraphic.h $HOME/include/.; cp $SRCROOT/build/libaqt.dylib $HOME/lib/.; ##ranlib  $HOME/lib/libaqt.dylib";
		};
		CBF30BD804D5527700EBD329 = {
			children = (
				CB5B1BE504A9C0F900EBD329,
				CB5B1BE604A9C0F900EBD329,
				F5FEAC1401A6B3CE0143D50D,
				F5E99A51036446DA01EBD329,
				F5E99A52036446DA01EBD329,
				F5B4A77E0222A7D9014110D6,
				F5AB087A0175BC8B01EB16F3,
				F5AB087B0175BC8B01EB16F3,
				F50F0B500205D1AF01AA2E68,
				F50F0B510205D1AF01AA2E68,
				F57A4136022288E5014110D6,
				F57A4137022288E5014110D6,
			);
			isa = PBXGroup;
			name = oldsource;
			refType = 4;
		};
//CB0
//CB1
//CB2
//CB3
//CB4
//F50
//F51
//F52
//F53
//F54
		F50F0B500205D1AF01AA2E68 = {
			fileEncoding = 30;
			isa = PBXFileReference;
			path = AQTColorInspector.m;
			refType = 4;
		};
		F50F0B510205D1AF01AA2E68 = {
			fileEncoding = 30;
			isa = PBXFileReference;
			path = AQTColorInspector.h;
			refType = 4;
		};
		F50F0B540205D23401AA2E68 = {
			fileEncoding = 30;
			isa = PBXFileReference;
			path = AQTColorMap.h;
			refType = 4;
		};
		F50F0B550205D23401AA2E68 = {
			fileEncoding = 30;
			isa = PBXFileReference;
			path = AQTColorMap.m;
			refType = 4;
		};
		F51551CC01FE762E01000102 = {
			isa = PBXFileReference;
			name = ColorInspector.nib;
			path = English.lproj/ColorInspector.nib;
			refType = 4;
		};
		F51551CD01FE762E01000102 = {
			fileRef = F51551CC01FE762E01000102;
			isa = PBXBuildFile;
			settings = {
			};
		};
		F54B0FE401FF3656014110A7 = {
			fileEncoding = 30;
			isa = PBXFileReference;
			name = help.html;
			path = English.lproj/help.html;
			refType = 4;
		};
		F54B0FE501FF3656014110A7 = {
			fileRef = F54B0FE401FF3656014110A7;
			isa = PBXBuildFile;
			settings = {
			};
		};
		F54B0FE601FF5CDC014110A7 = {
			isa = PBXFileReference;
			name = ExtendSavePanel.nib;
			path = English.lproj/ExtendSavePanel.nib;
			refType = 4;
		};
		F55BA2E303589FD301D20925 = {
			children = (
				F55BA2E403589FD301D20925,
			);
			isa = PBXVariantGroup;
			name = AquaTerm.icns;
			path = "";
			refType = 4;
		};
		F55BA2E403589FD301D20925 = {
			isa = PBXFileReference;
			name = English;
			path = English.lproj/AquaTerm.icns;
			refType = 4;
		};
		F55BA2E503589FD301D20925 = {
			fileRef = F55BA2E303589FD301D20925;
			isa = PBXBuildFile;
			settings = {
			};
		};
		F55D241701C0F0F501A80104 = {
			fileEncoding = 30;
			isa = PBXFileReference;
			path = AQTGraphic.h;
			refType = 4;
		};
		F55D241801C0F0F501A80104 = {
			fileEncoding = 30;
			isa = PBXFileReference;
			path = AQTGraphic.m;
			refType = 4;
		};
		F55D241901C0F0F501A80104 = {
			fileEncoding = 30;
			isa = PBXFileReference;
			path = AQTLabel.h;
			refType = 4;
		};
		F55D241A01C0F0F501A80104 = {
			fileEncoding = 30;
			indentWidth = 2;
			isa = PBXFileReference;
			path = AQTLabel.m;
			refType = 4;
			tabWidth = 4;
			usesTabs = 0;
		};
		F55D241B01C0F0F501A80104 = {
			fileEncoding = 30;
			isa = PBXFileReference;
			path = AQTModel.h;
			refType = 4;
		};
		F55D241C01C0F0F501A80104 = {
			fileEncoding = 30;
			isa = PBXFileReference;
			path = AQTModel.m;
			refType = 4;
		};
		F55D242401C11B5201A80104 = {
			fileRef = F55D241701C0F0F501A80104;
			isa = PBXBuildFile;
			settings = {
			};
		};
		F55D242501C11B5201A80104 = {
			fileRef = F55D241901C0F0F501A80104;
			isa = PBXBuildFile;
			settings = {
			};
		};
		F55D242601C11B5201A80104 = {
			fileRef = F55D241B01C0F0F501A80104;
			isa = PBXBuildFile;
			settings = {
			};
		};
		F55D242901C11B5201A80104 = {
			fileRef = F55D241801C0F0F501A80104;
			isa = PBXBuildFile;
			settings = {
			};
		};
		F55D242A01C11B5201A80104 = {
			fileRef = F55D241A01C0F0F501A80104;
			isa = PBXBuildFile;
			settings = {
			};
		};
		F55D242B01C11B5201A80104 = {
			fileRef = F55D241C01C0F0F501A80104;
			isa = PBXBuildFile;
			settings = {
			};
		};
		F55D7FF10219BEF4014110D6 = {
			fileEncoding = 30;
			isa = PBXExecutableFileReference;
			path = makedocs;
			refType = 2;
		};
		F5653B8001C4B8F201A80104 = {
			fileEncoding = 30;
			isa = PBXFileReference;
			path = AQTPath.h;
			refType = 4;
		};
		F5653B8101C4B8F201A80104 = {
			fileEncoding = 30;
			isa = PBXFileReference;
			path = AQTPath.m;
			refType = 4;
		};
		F5653B8201C4B8F201A80104 = {
			fileRef = F5653B8001C4B8F201A80104;
			isa = PBXBuildFile;
			settings = {
			};
		};
		F5653B8301C4B8F201A80104 = {
			fileRef = F5653B8101C4B8F201A80104;
			isa = PBXBuildFile;
			settings = {
			};
		};
		F57A4136022288E5014110D6 = {
			fileEncoding = 30;
			isa = PBXFileReference;
			path = AQTBuilder.h;
			refType = 4;
		};
		F57A4137022288E5014110D6 = {
			fileEncoding = 30;
			isa = PBXFileReference;
			path = AQTBuilder.m;
			refType = 4;
		};
		F57C16A102506DE3010D3DE4 = {
			children = (
				F57C16A202506DE3010D3DE4,
				F57C16A302506DE3010D3DE4,
			);
			isa = PBXGroup;
			name = Dist;
			refType = 4;
		};
		F57C16A202506DE3010D3DE4 = {
			fileEncoding = 30;
			isa = PBXFileReference;
			path = ReadMe.txt;
			refType = 4;
		};
		F57C16A302506DE3010D3DE4 = {
			fileEncoding = 30;
			isa = PBXFileReference;
			path = ToDo;
			refType = 4;
		};
		F59F5FC9021011D301A18598 = {
			fileEncoding = 30;
			isa = PBXFileReference;
			path = AQTImage.h;
			refType = 4;
		};
		F59F5FCA021011D301A18598 = {
			fileEncoding = 30;
			isa = PBXFileReference;
			path = AQTImage.m;
			refType = 4;
		};
		F59F5FCB021011D301A18598 = {
			fileRef = F59F5FC9021011D301A18598;
			isa = PBXBuildFile;
			settings = {
			};
		};
		F59F5FCC021011D301A18598 = {
			fileRef = F59F5FCA021011D301A18598;
			isa = PBXBuildFile;
			settings = {
			};
		};
		F5AB087A0175BC8B01EB16F3 = {
			fileEncoding = 30;
			isa = PBXFileReference;
			path = GPTWindowController.h;
			refType = 4;
		};
		F5AB087B0175BC8B01EB16F3 = {
			fileEncoding = 30;
			isa = PBXFileReference;
			path = GPTWindowController.m;
			refType = 4;
		};
		F5AB08990175CCF101EB16F3 = {
			children = (
				F5E3AFA9026D80D2012F88DF,
				F5E3AFAA026D80D2012F88DF,
				CB71321105444AEC00D208BA,
				CB71321205444AEC00D208BA,
			);
			isa = PBXGroup;
			name = View;
			path = "";
			refType = 4;
		};
		F5AB089A0175CCF101EB16F3 = {
			children = (
				CB5B187104A9A49E00EBD329,
				CB5B187204A9A49E00EBD329,
				FE8252ACC5B321F400CFA73B,
				CBF3083904D51CF100EBD329,
				CBF3083A04D51CF100EBD329,
				CBF3082D04D51B9300EBD329,
				CBF3082E04D51B9400EBD329,
				CBA3D83E053D784200D208BA,
				CBA3D842053D84DE00D208BA,
				FEDD21D204EE7C22008D3E17,
				FEDD21D304EE7C22008D3E17,
			);
			isa = PBXGroup;
			name = Controller;
			path = "";
			refType = 4;
		};
		F5AB089B0175CCF101EB16F3 = {
			children = (
				F50F0B540205D23401AA2E68,
				F50F0B550205D23401AA2E68,
				F55D241701C0F0F501A80104,
				F55D241801C0F0F501A80104,
				F55D241901C0F0F501A80104,
				F55D241A01C0F0F501A80104,
				F55D241B01C0F0F501A80104,
				F55D241C01C0F0F501A80104,
				F5653B8001C4B8F201A80104,
				F5653B8101C4B8F201A80104,
				CBF3083404D51BCF00EBD329,
				CBF3083504D51BCF00EBD329,
				F59F5FC9021011D301A18598,
				F59F5FCA021011D301A18598,
			);
			isa = PBXGroup;
			name = Model;
			path = "";
			refType = 4;
		};
		F5B46F320209827F01A80104 = {
			fileRef = F54B0FE601FF5CDC014110A7;
			isa = PBXBuildFile;
			settings = {
			};
		};
		F5B4A77E0222A7D9014110D6 = {
			fileEncoding = 30;
			isa = PBXFileReference;
			path = AQTProtocol.mdoc;
			refType = 4;
		};
		F5C4C2DC0199DF380143D54F = {
			fileRef = 29B97318FDCFA39411CA2CEA;
			isa = PBXBuildFile;
			settings = {
			};
		};
		F5DB1B640219BFD2014110D6 = {
			buildArgumentsString = "$(SRCROOT)/makedocs ";
			buildPhases = (
			);
			buildSettings = {
				OTHER_CFLAGS = "";
				OTHER_LDFLAGS = "";
				OTHER_REZFLAGS = "";
				PRODUCT_NAME = Docs;
				SECTORDER_FLAGS = "";
				WARNING_CFLAGS = "-Wmost -Wno-four-char-constants -Wno-unknown-pragmas";
			};
			buildToolPath = /bin/sh;
			dependencies = (
			);
			isa = PBXLegacyTarget;
			name = Docs;
			passBuildSettingsInEnvironment = 1;
			productName = Untitled;
			settingsToExpand = 6;
			settingsToPassInEnvironment = 287;
			settingsToPassOnCommandLine = 280;
		};
		F5E3AFA9026D80D2012F88DF = {
			fileEncoding = 30;
			isa = PBXFileReference;
			path = AQTView.h;
			refType = 4;
		};
		F5E3AFAA026D80D2012F88DF = {
			fileEncoding = 30;
			isa = PBXFileReference;
			path = AQTView.m;
			refType = 4;
		};
		F5E3AFAB026D80D2012F88DF = {
			fileRef = F5E3AFA9026D80D2012F88DF;
			isa = PBXBuildFile;
			settings = {
			};
		};
		F5E3AFAC026D80D2012F88DF = {
			fileRef = F5E3AFAA026D80D2012F88DF;
			isa = PBXBuildFile;
			settings = {
			};
		};
		F5E70370026D8645012F88DF = {
			children = (
				F5E70371026D8645012F88DF,
			);
			isa = PBXVariantGroup;
			name = AQTWindow.nib;
			path = "";
			refType = 4;
		};
		F5E70371026D8645012F88DF = {
			isa = PBXFileReference;
			name = English;
			path = English.lproj/AQTWindow.nib;
			refType = 4;
		};
		F5E70372026D8645012F88DF = {
			fileRef = F5E70370026D8645012F88DF;
			isa = PBXBuildFile;
			settings = {
			};
		};
		F5E99A51036446DA01EBD329 = {
			fileEncoding = 30;
			isa = PBXFileReference;
			path = AQTBaseMethods.h;
			refType = 4;
		};
		F5E99A52036446DA01EBD329 = {
			fileEncoding = 30;
			isa = PBXFileReference;
			path = AQTExtendedMethods.h;
			refType = 4;
		};
		F5FEAC1401A6B3CE0143D50D = {
			fileEncoding = 30;
			isa = PBXFileReference;
			path = AQTProtocol.h;
			refType = 4;
		};
		F5FEAC2701A7219B0143D50D = {
			children = (
				F5FEAC2801A7219B0143D50D,
			);
			isa = PBXVariantGroup;
			name = Credits.rtf;
			path = "";
			refType = 4;
		};
		F5FEAC2801A7219B0143D50D = {
			isa = PBXFileReference;
			name = English;
			path = English.lproj/Credits.rtf;
			refType = 4;
		};
		F5FEAC2901A7219B0143D50D = {
			fileRef = F5FEAC2701A7219B0143D50D;
			isa = PBXBuildFile;
			settings = {
			};
		};
//F50
//F51
//F52
//F53
//F54
//FE0
//FE1
//FE2
//FE3
//FE4
		FE82528EC5B321F400CFA73B = {
			isa = PBXFrameworkReference;
			name = Message.framework;
			path = /System/Library/Frameworks/Message.framework;
			refType = 0;
		};
		FE82528FC5B321F400CFA73B = {
			fileRef = FE82528EC5B321F400CFA73B;
			isa = PBXBuildFile;
			settings = {
			};
		};
		FE8252ACC5B321F400CFA73B = {
			fileEncoding = 4;
			isa = PBXFileReference;
			name = Demo.m;
			path = /Users/ppe/Source/AQT/aquaterm/Demo.m;
			refType = 0;
		};
		FE8252ADC5B321F400CFA73B = {
			fileRef = FE8252ACC5B321F400CFA73B;
			isa = PBXBuildFile;
			settings = {
			};
		};
		FEDD21D204EE7C22008D3E17 = {
			fileEncoding = 4;
			isa = PBXFileReference;
			path = AQTPlotBuilder.h;
			refType = 4;
		};
		FEDD21D304EE7C22008D3E17 = {
			fileEncoding = 4;
			isa = PBXFileReference;
			path = AQTPlotBuilder.m;
			refType = 4;
		};
		FEDD21D404EE7C22008D3E17 = {
			fileRef = FEDD21D204EE7C22008D3E17;
			isa = PBXBuildFile;
			settings = {
			};
		};
		FEDD21D504EE7C22008D3E17 = {
			fileRef = FEDD21D304EE7C22008D3E17;
			isa = PBXBuildFile;
			settings = {
			};
		};
	};
	rootObject = 29B97313FDCFA39411CA2CEA;
}
