// !$*UTF8*$!
{
	archiveVersion = 1;
	classes = {
	};
	objectVersion = 34;
	objects = {
		080E96DDFE201D6D7F000001 = {
			children = (
				F5FEAC1401A6B3CE0143D50D,
				F5B4A77E0222A7D9014110D6,
			);
			isa = PBXGroup;
			name = Extras;
			refType = 4;
		};
		089C165CFE840E0CC02AAC07 = {
			children = (
				089C165DFE840E0CC02AAC07,
			);
			isa = PBXVariantGroup;
			name = InfoPlist.strings;
			refType = 4;
		};
		089C165DFE840E0CC02AAC07 = {
			fileEncoding = 10;
			isa = PBXFileReference;
			name = English;
			path = English.lproj/InfoPlist.strings;
			refType = 4;
		};
		089C165EFE840E0CC02AAC07 = {
			fileRef = 089C165CFE840E0CC02AAC07;
			isa = PBXBuildFile;
			settings = {
			};
		};
//080
//081
//082
//083
//084
//100
//101
//102
//103
//104
		1058C7A0FEA54F0111CA2CBB = {
			children = (
				1058C7A1FEA54F0111CA2CBB,
			);
			isa = PBXGroup;
			name = "Linked Frameworks";
			refType = 4;
		};
		1058C7A1FEA54F0111CA2CBB = {
			isa = PBXFrameworkReference;
			name = Cocoa.framework;
			path = /System/Library/Frameworks/Cocoa.framework;
			refType = 0;
		};
		1058C7A2FEA54F0111CA2CBB = {
			children = (
				29B97325FDCFA39411CA2CEA,
				29B97324FDCFA39411CA2CEA,
			);
			isa = PBXGroup;
			name = "Other Frameworks";
			refType = 4;
		};
		1058C7A3FEA54F0111CA2CBB = {
			fileRef = 1058C7A1FEA54F0111CA2CBB;
			isa = PBXBuildFile;
			settings = {
			};
		};
//100
//101
//102
//103
//104
//170
//171
//172
//173
//174
		17587328FF379C6511CA2CBB = {
			isa = PBXApplicationReference;
			path = AquaTerm.app;
			refType = 3;
		};
//170
//171
//172
//173
//174
//190
//191
//192
//193
//194
		19C28FACFE9D520D11CA2CBB = {
			children = (
				17587328FF379C6511CA2CBB,
			);
			isa = PBXGroup;
			name = Products;
			refType = 4;
		};
//190
//191
//192
//193
//194
//290
//291
//292
//293
//294
		29B97313FDCFA39411CA2CEA = {
			buildStyles = (
				4A9504CCFFE6A4B311CA0CBA,
				4A9504CDFFE6A4B311CA0CBA,
			);
			isa = PBXProject;
			mainGroup = 29B97314FDCFA39411CA2CEA;
			projectDirPath = "";
			targets = (
				29B97326FDCFA39411CA2CEA,
				F5DB1B640219BFD2014110D6,
			);
		};
		29B97314FDCFA39411CA2CEA = {
			children = (
				F5AB08990175CCF101EB16F3,
				F5AB089A0175CCF101EB16F3,
				F5AB089B0175CCF101EB16F3,
				080E96DDFE201D6D7F000001,
				29B97317FDCFA39411CA2CEA,
				29B97315FDCFA39411CA2CEA,
				29B97323FDCFA39411CA2CEA,
				19C28FACFE9D520D11CA2CBB,
				F55D7FF10219BEF4014110D6,
			);
			isa = PBXGroup;
			name = AquaTerm;
			path = "";
			refType = 4;
		};
		29B97315FDCFA39411CA2CEA = {
			children = (
				29B97316FDCFA39411CA2CEA,
			);
			isa = PBXGroup;
			name = "Other Sources";
			path = "";
			refType = 4;
		};
		29B97316FDCFA39411CA2CEA = {
			isa = PBXFileReference;
			path = main.m;
			refType = 4;
		};
		29B97317FDCFA39411CA2CEA = {
			children = (
				F5FEAC2701A7219B0143D50D,
				F54B0FE401FF3656014110A7,
				089C165CFE840E0CC02AAC07,
				29B97318FDCFA39411CA2CEA,
				F5AB087C0175BC8B01EB16F3,
				F51551CC01FE762E01000102,
				F54B0FE601FF5CDC014110A7,
			);
			isa = PBXGroup;
			name = Resources;
			path = "";
			refType = 4;
		};
		29B97318FDCFA39411CA2CEA = {
			children = (
				29B97319FDCFA39411CA2CEA,
			);
			isa = PBXVariantGroup;
			name = MainMenu1.nib;
			path = "";
			refType = 4;
		};
		29B97319FDCFA39411CA2CEA = {
			isa = PBXFileReference;
			name = MainMenu1.nib;
			path = English.lproj/MainMenu1.nib;
			refType = 4;
		};
		29B97323FDCFA39411CA2CEA = {
			children = (
				1058C7A0FEA54F0111CA2CBB,
				1058C7A2FEA54F0111CA2CBB,
			);
			isa = PBXGroup;
			name = Frameworks;
			path = "";
			refType = 4;
		};
		29B97324FDCFA39411CA2CEA = {
			isa = PBXFrameworkReference;
			name = AppKit.framework;
			path = /System/Library/Frameworks/AppKit.framework;
			refType = 0;
		};
		29B97325FDCFA39411CA2CEA = {
			isa = PBXFrameworkReference;
			name = Foundation.framework;
			path = /System/Library/Frameworks/Foundation.framework;
			refType = 0;
		};
		29B97326FDCFA39411CA2CEA = {
			buildPhases = (
				29B97327FDCFA39411CA2CEA,
				29B97328FDCFA39411CA2CEA,
				29B9732BFDCFA39411CA2CEA,
				29B9732DFDCFA39411CA2CEA,
			);
			buildSettings = {
				FRAMEWORK_SEARCH_PATHS = "";
				HEADER_SEARCH_PATHS = "";
				INSTALL_PATH = "";
				LIBRARY_SEARCH_PATHS = "";
				OTHER_CFLAGS = "";
				OTHER_LDFLAGS = "";
				PRODUCT_NAME = AquaTerm;
				SECTORDER_FLAGS = "";
				WARNING_CFLAGS = "-Wmost -Wno-four-char-constants -Wno-unknown-pragmas";
				WRAPPER_EXTENSION = app;
			};
			dependencies = (
			);
			isa = PBXApplicationTarget;
			name = AquaTerm1;
			productInstallPath = "";
			productName = AquaTerm;
			productReference = 17587328FF379C6511CA2CBB;
			productSettingsXML = "<?xml version=\"1.0\" encoding=\"UTF-8\"?>
<!DOCTYPE plist SYSTEM \"file://localhost/System/Library/DTDs/PropertyList.dtd\">
<plist version=\"0.9\">
<dict>
	<key>CFBundleDevelopmentRegion</key>
	<string>English</string>
	<key>CFBundleExecutable</key>
	<string>AquaTerm</string>
	<key>CFBundleGetInfoString</key>
	<string>AquaTerm v0.3.0</string>
	<key>CFBundleIconFile</key>
	<string></string>
	<key>CFBundleInfoDictionaryVersion</key>
	<string>6.0</string>
	<key>CFBundleName</key>
	<string>AquaTerm</string>
	<key>CFBundlePackageType</key>
	<string>APPL</string>
	<key>CFBundleShortVersionString</key>
	<string>AquaTerm v0.3.0</string>
	<key>CFBundleSignature</key>
	<string>AqTS</string>
	<key>CFBundleVersion</key>
	<string>0.3.0</string>
	<key>NSMainNibFile</key>
	<string>MainMenu1</string>
	<key>NSPrincipalClass</key>
	<string>NSApplication</string>
</dict>
</plist>
";
			shouldUseHeadermap = 1;
		};
		29B97327FDCFA39411CA2CEA = {
			buildActionMask = 2147483647;
			files = (
				F5AB087F0175BC8B01EB16F3,
				F5AB08850175BC8B01EB16F3,
				F5AB08860175BC8B01EB16F3,
				F5FEAC1501A6B3CE0143D50D,
				F55D242401C11B5201A80104,
				F55D242501C11B5201A80104,
				F55D242601C11B5201A80104,
				F5653B8201C4B8F201A80104,
				F53901BF01DF8C78014110A7,
				F50F0B520205D1AF01AA2E68,
				F50F0B560205D23401AA2E68,
				F59F5FCB021011D301A18598,
				F57A4138022288E5014110D6,
			);
			isa = PBXHeadersBuildPhase;
			name = Headers;
		};
		29B97328FDCFA39411CA2CEA = {
			buildActionMask = 2147483647;
			files = (
				089C165EFE840E0CC02AAC07,
				F5AB08870175BC8B01EB16F3,
				F5C4C2DC0199DF380143D54F,
				F5FEAC2901A7219B0143D50D,
				F51551CD01FE762E01000102,
				F54B0FE501FF3656014110A7,
				F5B46F320209827F01A80104,
			);
			isa = PBXResourcesBuildPhase;
			name = "Bundle Resources";
		};
		29B9732BFDCFA39411CA2CEA = {
			buildActionMask = 2147483647;
			files = (
				29B9732CFDCFA39411CA2CEA,
				F5AB08890175BC8B01EB16F3,
				F5AB088E0175BC8B01EB16F3,
				F5AB088F0175BC8B01EB16F3,
				F55D242901C11B5201A80104,
				F55D242A01C11B5201A80104,
				F55D242B01C11B5201A80104,
				F5653B8301C4B8F201A80104,
				F53901C001DF8C78014110A7,
				F50F0B530205D1AF01AA2E68,
				F50F0B570205D23401AA2E68,
				F59F5FCC021011D301A18598,
				F57A4139022288E5014110D6,
			);
			isa = PBXSourcesBuildPhase;
			name = Sources;
		};
		29B9732CFDCFA39411CA2CEA = {
			fileRef = 29B97316FDCFA39411CA2CEA;
			isa = PBXBuildFile;
			settings = {
				ATTRIBUTES = (
				);
			};
		};
		29B9732DFDCFA39411CA2CEA = {
			buildActionMask = 2147483647;
			files = (
				1058C7A3FEA54F0111CA2CBB,
			);
			isa = PBXFrameworksBuildPhase;
			name = "Frameworks & Libraries";
		};
//290
//291
//292
//293
//294
//4A0
//4A1
//4A2
//4A3
//4A4
		4A9504CCFFE6A4B311CA0CBA = {
			buildRules = (
			);
			buildSettings = {
				COPY_PHASE_STRIP = NO;
				OPTIMIZATION_CFLAGS = "-O0";
			};
			isa = PBXBuildStyle;
			name = Development;
		};
		4A9504CDFFE6A4B311CA0CBA = {
			buildRules = (
			);
			buildSettings = {
				COPY_PHASE_STRIP = YES;
			};
			isa = PBXBuildStyle;
			name = Deployment;
		};
//4A0
//4A1
//4A2
//4A3
//4A4
//F50
//F51
//F52
//F53
//F54
		F50F0B500205D1AF01AA2E68 = {
			isa = PBXFileReference;
			path = AQTColorInspector.m;
			refType = 4;
		};
		F50F0B510205D1AF01AA2E68 = {
			isa = PBXFileReference;
			path = AQTColorInspector.h;
			refType = 4;
		};
		F50F0B520205D1AF01AA2E68 = {
			fileRef = F50F0B510205D1AF01AA2E68;
			isa = PBXBuildFile;
			settings = {
			};
		};
		F50F0B530205D1AF01AA2E68 = {
			fileRef = F50F0B500205D1AF01AA2E68;
			isa = PBXBuildFile;
			settings = {
			};
		};
		F50F0B540205D23401AA2E68 = {
			isa = PBXFileReference;
			path = AQTColorMap.h;
			refType = 4;
		};
		F50F0B550205D23401AA2E68 = {
			isa = PBXFileReference;
			path = AQTColorMap.m;
			refType = 4;
		};
		F50F0B560205D23401AA2E68 = {
			fileRef = F50F0B540205D23401AA2E68;
			isa = PBXBuildFile;
			settings = {
			};
		};
		F50F0B570205D23401AA2E68 = {
			fileRef = F50F0B550205D23401AA2E68;
			isa = PBXBuildFile;
			settings = {
			};
		};
		F51551CC01FE762E01000102 = {
			isa = PBXFileReference;
			name = ColorInspector.nib;
			path = English.lproj/ColorInspector.nib;
			refType = 4;
		};
		F51551CD01FE762E01000102 = {
			fileRef = F51551CC01FE762E01000102;
			isa = PBXBuildFile;
			settings = {
			};
		};
		F53901BD01DF8C78014110A7 = {
			isa = PBXFileReference;
			path = AQTPrintView.h;
			refType = 4;
		};
		F53901BE01DF8C78014110A7 = {
			isa = PBXFileReference;
			path = AQTPrintView.m;
			refType = 4;
		};
		F53901BF01DF8C78014110A7 = {
			fileRef = F53901BD01DF8C78014110A7;
			isa = PBXBuildFile;
			settings = {
			};
		};
		F53901C001DF8C78014110A7 = {
			fileRef = F53901BE01DF8C78014110A7;
			isa = PBXBuildFile;
			settings = {
			};
		};
		F54B0FE401FF3656014110A7 = {
			isa = PBXFileReference;
			name = help.html;
			path = English.lproj/help.html;
			refType = 4;
		};
		F54B0FE501FF3656014110A7 = {
			fileRef = F54B0FE401FF3656014110A7;
			isa = PBXBuildFile;
			settings = {
			};
		};
		F54B0FE601FF5CDC014110A7 = {
			isa = PBXFileReference;
			name = ExtendSavePanel.nib;
			path = English.lproj/ExtendSavePanel.nib;
			refType = 4;
		};
		F55D241701C0F0F501A80104 = {
			isa = PBXFileReference;
			path = AQTGraphic.h;
			refType = 4;
		};
		F55D241801C0F0F501A80104 = {
			isa = PBXFileReference;
			path = AQTGraphic.m;
			refType = 4;
		};
		F55D241901C0F0F501A80104 = {
			isa = PBXFileReference;
			path = AQTLabel.h;
			refType = 4;
		};
		F55D241A01C0F0F501A80104 = {
			indentWidth = 2;
			isa = PBXFileReference;
			path = AQTLabel.m;
			refType = 4;
			tabWidth = 4;
			usesTabs = 0;
		};
		F55D241B01C0F0F501A80104 = {
			isa = PBXFileReference;
			path = AQTModel.h;
			refType = 4;
		};
		F55D241C01C0F0F501A80104 = {
			isa = PBXFileReference;
			path = AQTModel.m;
			refType = 4;
		};
		F55D242401C11B5201A80104 = {
			fileRef = F55D241701C0F0F501A80104;
			isa = PBXBuildFile;
			settings = {
			};
		};
		F55D242501C11B5201A80104 = {
			fileRef = F55D241901C0F0F501A80104;
			isa = PBXBuildFile;
			settings = {
			};
		};
		F55D242601C11B5201A80104 = {
			fileRef = F55D241B01C0F0F501A80104;
			isa = PBXBuildFile;
			settings = {
			};
		};
		F55D242901C11B5201A80104 = {
			fileRef = F55D241801C0F0F501A80104;
			isa = PBXBuildFile;
			settings = {
			};
		};
		F55D242A01C11B5201A80104 = {
			fileRef = F55D241A01C0F0F501A80104;
			isa = PBXBuildFile;
			settings = {
			};
		};
		F55D242B01C11B5201A80104 = {
			fileRef = F55D241C01C0F0F501A80104;
			isa = PBXBuildFile;
			settings = {
			};
		};
		F55D7FF10219BEF4014110D6 = {
			isa = PBXExecutableFileReference;
			path = makedocs;
			refType = 2;
		};
		F5653B8001C4B8F201A80104 = {
			isa = PBXFileReference;
			path = AQTPath.h;
			refType = 4;
		};
		F5653B8101C4B8F201A80104 = {
			isa = PBXFileReference;
			path = AQTPath.m;
			refType = 4;
		};
		F5653B8201C4B8F201A80104 = {
			fileRef = F5653B8001C4B8F201A80104;
			isa = PBXBuildFile;
			settings = {
			};
		};
		F5653B8301C4B8F201A80104 = {
			fileRef = F5653B8101C4B8F201A80104;
			isa = PBXBuildFile;
			settings = {
			};
		};
		F57A4136022288E5014110D6 = {
			isa = PBXFileReference;
			path = AQTBuilder.h;
			refType = 4;
		};
		F57A4137022288E5014110D6 = {
			isa = PBXFileReference;
			path = AQTBuilder.m;
			refType = 4;
		};
		F57A4138022288E5014110D6 = {
			fileRef = F57A4136022288E5014110D6;
			isa = PBXBuildFile;
			settings = {
			};
		};
		F57A4139022288E5014110D6 = {
			fileRef = F57A4137022288E5014110D6;
			isa = PBXBuildFile;
			settings = {
			};
		};
		F59F5FC9021011D301A18598 = {
			isa = PBXFileReference;
			path = AQTImage.h;
			refType = 4;
		};
		F59F5FCA021011D301A18598 = {
			isa = PBXFileReference;
			path = AQTImage.m;
			refType = 4;
		};
		F59F5FCB021011D301A18598 = {
			fileRef = F59F5FC9021011D301A18598;
			isa = PBXBuildFile;
			settings = {
			};
		};
		F59F5FCC021011D301A18598 = {
			fileRef = F59F5FCA021011D301A18598;
			isa = PBXBuildFile;
			settings = {
			};
		};
		F5AB086D0175BC8B01EB16F3 = {
			isa = PBXFileReference;
			path = GPTController.h;
			refType = 4;
		};
		F5AB086E0175BC8B01EB16F3 = {
			isa = PBXFileReference;
			path = GPTController.m;
			refType = 4;
		};
		F5AB08780175BC8B01EB16F3 = {
			isa = PBXFileReference;
			path = GPTView.h;
			refType = 4;
		};
		F5AB08790175BC8B01EB16F3 = {
			isa = PBXFileReference;
			path = GPTView.m;
			refType = 4;
		};
		F5AB087A0175BC8B01EB16F3 = {
			isa = PBXFileReference;
			path = GPTWindowController.h;
			refType = 4;
		};
		F5AB087B0175BC8B01EB16F3 = {
			isa = PBXFileReference;
			path = GPTWindowController.m;
			refType = 4;
		};
		F5AB087C0175BC8B01EB16F3 = {
			children = (
				F5AB087D0175BC8B01EB16F3,
			);
			isa = PBXVariantGroup;
			name = GPTWindow.nib;
			path = "";
			refType = 4;
		};
		F5AB087D0175BC8B01EB16F3 = {
			isa = PBXFileReference;
			name = English;
			path = English.lproj/GPTWindow.nib;
			refType = 4;
		};
		F5AB087F0175BC8B01EB16F3 = {
			fileRef = F5AB086D0175BC8B01EB16F3;
			isa = PBXBuildFile;
			settings = {
			};
		};
		F5AB08850175BC8B01EB16F3 = {
			fileRef = F5AB08780175BC8B01EB16F3;
			isa = PBXBuildFile;
			settings = {
			};
		};
		F5AB08860175BC8B01EB16F3 = {
			fileRef = F5AB087A0175BC8B01EB16F3;
			isa = PBXBuildFile;
			settings = {
			};
		};
		F5AB08870175BC8B01EB16F3 = {
			fileRef = F5AB087C0175BC8B01EB16F3;
			isa = PBXBuildFile;
			settings = {
			};
		};
		F5AB08890175BC8B01EB16F3 = {
			fileRef = F5AB086E0175BC8B01EB16F3;
			isa = PBXBuildFile;
			settings = {
			};
		};
		F5AB088E0175BC8B01EB16F3 = {
			fileRef = F5AB08790175BC8B01EB16F3;
			isa = PBXBuildFile;
			settings = {
			};
		};
		F5AB088F0175BC8B01EB16F3 = {
			fileRef = F5AB087B0175BC8B01EB16F3;
			isa = PBXBuildFile;
			settings = {
			};
		};
		F5AB08990175CCF101EB16F3 = {
			children = (
				F5AB08780175BC8B01EB16F3,
				F5AB08790175BC8B01EB16F3,
				F53901BD01DF8C78014110A7,
				F53901BE01DF8C78014110A7,
			);
			isa = PBXGroup;
			name = View;
			path = "";
			refType = 4;
		};
		F5AB089A0175CCF101EB16F3 = {
			children = (
				F50F0B510205D1AF01AA2E68,
				F50F0B500205D1AF01AA2E68,
				F5AB086D0175BC8B01EB16F3,
				F5AB086E0175BC8B01EB16F3,
				F5AB087A0175BC8B01EB16F3,
				F5AB087B0175BC8B01EB16F3,
				F57A4136022288E5014110D6,
				F57A4137022288E5014110D6,
			);
			isa = PBXGroup;
			name = Controller;
			path = "";
			refType = 4;
		};
		F5AB089B0175CCF101EB16F3 = {
			children = (
				F55D241701C0F0F501A80104,
				F55D241801C0F0F501A80104,
				F55D241901C0F0F501A80104,
				F55D241A01C0F0F501A80104,
				F55D241B01C0F0F501A80104,
				F55D241C01C0F0F501A80104,
				F5653B8001C4B8F201A80104,
				F5653B8101C4B8F201A80104,
				F50F0B540205D23401AA2E68,
				F50F0B550205D23401AA2E68,
				F59F5FC9021011D301A18598,
				F59F5FCA021011D301A18598,
			);
			isa = PBXGroup;
			name = Model;
			path = "";
			refType = 4;
		};
		F5B46F320209827F01A80104 = {
			fileRef = F54B0FE601FF5CDC014110A7;
			isa = PBXBuildFile;
			settings = {
			};
		};
		F5B4A77E0222A7D9014110D6 = {
			isa = PBXFileReference;
			path = AQTProtocol.mdoc;
			refType = 4;
		};
		F5C4C2DC0199DF380143D54F = {
			fileRef = 29B97318FDCFA39411CA2CEA;
			isa = PBXBuildFile;
			settings = {
			};
		};
		F5DB1B640219BFD2014110D6 = {
			buildArgumentsString = $ACTION;
			buildPhases = (
			);
			buildSettings = {
				OTHER_CFLAGS = "";
				OTHER_LDFLAGS = "";
				OTHER_REZFLAGS = "";
				PRODUCT_NAME = Untitled;
				SECTORDER_FLAGS = "";
				WARNING_CFLAGS = "-Wmost -Wno-four-char-constants -Wno-unknown-pragmas";
			};
			buildToolPath = "~/Source/scitech/aquaterm/makedocs";
			dependencies = (
			);
			isa = PBXLegacyTarget;
			name = Docs;
			productName = Untitled;
			settingsToExpand = 6;
			settingsToPassInEnvironment = 287;
			settingsToPassOnCommandLine = 280;
			shouldUseHeadermap = 0;
		};
		F5FEAC1401A6B3CE0143D50D = {
			isa = PBXFileReference;
			path = AQTProtocol.h;
			refType = 4;
		};
		F5FEAC1501A6B3CE0143D50D = {
			fileRef = F5FEAC1401A6B3CE0143D50D;
			isa = PBXBuildFile;
			settings = {
			};
		};
		F5FEAC2701A7219B0143D50D = {
			children = (
				F5FEAC2801A7219B0143D50D,
			);
			isa = PBXVariantGroup;
			name = Credits.rtf;
			path = "";
			refType = 4;
		};
		F5FEAC2801A7219B0143D50D = {
			isa = PBXFileReference;
			name = English;
			path = English.lproj/Credits.rtf;
			refType = 4;
		};
		F5FEAC2901A7219B0143D50D = {
			fileRef = F5FEAC2701A7219B0143D50D;
			isa = PBXBuildFile;
			settings = {
			};
		};
	};
	rootObject = 29B97313FDCFA39411CA2CEA;
}
